
Microsoft Visual Studio Solution File, Format Version 12.00
# Visual Studio Version 17
VisualStudioVersion = 17.0.31611.283
MinimumVisualStudioVersion = 10.0.40219.1
Project("{9A19103F-16F7-4668-BE54-9A1E7A4F7556}") = "museumApp", "museumApp.csproj", "{A361A262-3531-494F-AF85-D27E19B26BF3}"
EndProject
Project("{FAE04EC0-301F-11D3-BF4B-00C04F79EFBC}") = "tests", "tests\tests.csproj", "{9AE6C58F-E4E5-4D5F-A02A-6764FAB4D293}"
EndProject
Global
	GlobalSection(SolutionConfigurationPlatforms) = preSolution
		Debug|Any CPU = Debug|Any CPU
		Release|Any CPU = Release|Any CPU
	EndGlobalSection
	GlobalSection(ProjectConfigurationPlatforms) = postSolution
		{A361A262-3531-494F-AF85-D27E19B26BF3}.Debug|Any CPU.ActiveCfg = Debug|Any CPU
		{A361A262-3531-494F-AF85-D27E19B26BF3}.Debug|Any CPU.Build.0 = Debug|Any CPU
		{A361A262-3531-494F-AF85-D27E19B26BF3}.Debug|Any CPU.Deploy.0 = Debug|Any CPU
		{A361A262-3531-494F-AF85-D27E19B26BF3}.Release|Any CPU.ActiveCfg = Release|Any CPU
		{A361A262-3531-494F-AF85-D27E19B26BF3}.Release|Any CPU.Build.0 = Release|Any CPU
		{A361A262-3531-494F-AF85-D27E19B26BF3}.Release|Any CPU.Deploy.0 = Release|Any CPU
		{9AE6C58F-E4E5-4D5F-A02A-6764FAB4D293}.Debug|Any CPU.ActiveCfg = Debug|Any CPU
		{9AE6C58F-E4E5-4D5F-A02A-6764FAB4D293}.Debug|Any CPU.Build.0 = Debug|Any CPU
		{9AE6C58F-E4E5-4D5F-A02A-6764FAB4D293}.Release|Any CPU.ActiveCfg = Release|Any CPU
		{9AE6C58F-E4E5-4D5F-A02A-6764FAB4D293}.Release|Any CPU.Build.0 = Release|Any CPU
	EndGlobalSection
	GlobalSection(SolutionProperties) = preSolution
		HideSolutionNode = FALSE
	EndGlobalSection
	GlobalSection(ExtensibilityGlobals) = postSolution
		SolutionGuid = {61F7FB11-1E47-470C-91E2-47F8143E1572}
	EndGlobalSection
EndGlobal
